<?xml version="1.0" encoding="UTF-8"?>
<CONFIG>
  <ProjectOptions>
    <Version Value="12"/>
    <PathDelim Value="\"/>
    <General>
      <Flags>
        <MainUnitHasCreateFormStatements Value="False"/>
        <MainUnitHasTitleStatement Value="False"/>
        <MainUnitHasScaledStatement Value="False"/>
        <CompatibilityMode Value="True"/>
      </Flags>
      <SessionStorage Value="InProjectDir"/>
      <Title Value="Ingather"/>
      <UseAppBundle Value="False"/>
      <ResourceType Value="res"/>
    </General>
    <i18n>
      <EnableI18N LFM="False"/>
    </i18n>
    <VersionInfo>
      <UseVersionInfo Value="True"/>
      <StringTable Comments="Gather various forensic information. Author: Brian Kellogg" CompanyName="Brian Kellogg" FileDescription="Gather various forensic information. Author: Brian Kellogg" InternalName="Ingather" LegalCopyright="MIT" LegalTrademarks="Brian Kellogg" OriginalFilename="ingather.exe" ProductName="Ingather"/>
    </VersionInfo>
    <BuildModes Count="3">
      <Item1 Name="Default" Default="True"/>
      <Item2 Name="Debug">
        <CompilerOptions>
          <Version Value="11"/>
          <PathDelim Value="\"/>
          <Target>
            <Filename Value="ingather"/>
          </Target>
          <SearchPaths>
            <IncludeFiles Value="$(ProjOutDir)"/>
            <OtherUnitFiles Value="C:\lazarus\lcl\"/>
            <UnitOutputDirectory Value="lib\$(TargetCPU)-$(TargetOS)"/>
          </SearchPaths>
          <Parsing>
            <SyntaxOptions>
              <IncludeAssertionCode Value="True"/>
            </SyntaxOptions>
          </Parsing>
          <CodeGeneration>
            <Checks>
              <IOChecks Value="True"/>
              <RangeChecks Value="True"/>
              <OverflowChecks Value="True"/>
              <StackChecks Value="True"/>
            </Checks>
          </CodeGeneration>
          <Linking>
            <Debugging>
              <DebugInfoType Value="dsDwarf2Set"/>
              <UseHeaptrc Value="True"/>
              <UseExternalDbgSyms Value="True"/>
            </Debugging>
          </Linking>
        </CompilerOptions>
      </Item2>
      <Item3 Name="Release">
        <CompilerOptions>
          <Version Value="11"/>
          <PathDelim Value="\"/>
          <Target>
            <Filename Value="ingather"/>
          </Target>
          <SearchPaths>
            <IncludeFiles Value="$(ProjOutDir)"/>
            <OtherUnitFiles Value="C:\lazarus\components\JsonTools\"/>
            <UnitOutputDirectory Value="lib\$(TargetCPU)-$(TargetOS)"/>
          </SearchPaths>
          <CodeGeneration>
            <SmartLinkUnit Value="True"/>
            <Optimizations>
              <OptimizationLevel Value="3"/>
            </Optimizations>
          </CodeGeneration>
          <Linking>
            <Debugging>
              <GenerateDebugInfo Value="False"/>
              <StripSymbols Value="True"/>
            </Debugging>
            <LinkSmart Value="True"/>
            <Options>
              <LinkerOptions Value="static gh"/>
            </Options>
          </Linking>
        </CompilerOptions>
      </Item3>
    </BuildModes>
    <PublishOptions>
      <Version Value="2"/>
    </PublishOptions>
    <RunParams>
      <FormatVersion Value="2"/>
      <Modes Count="1">
        <Mode0 Name="default"/>
      </Modes>
    </RunParams>
    <Units Count="11">
      <Unit0>
        <Filename Value="ingather.lpr"/>
        <IsPartOfProject Value="True"/>
        <UnitName Value="Ingather"/>
      </Unit0>
      <Unit1>
        <Filename Value="findvulns.pas"/>
        <IsPartOfProject Value="True"/>
        <UnitName Value="FindVulns"/>
      </Unit1>
      <Unit2>
        <Filename Value="runas.pas"/>
        <IsPartOfProject Value="True"/>
        <UnitName Value="RunAs"/>
      </Unit2>
      <Unit3>
        <Filename Value="netio.pas"/>
        <IsPartOfProject Value="True"/>
        <UnitName Value="NetIO"/>
      </Unit3>
      <Unit4>
        <Filename Value="runcmd.pas"/>
        <IsPartOfProject Value="True"/>
        <UnitName Value="RunCMD"/>
      </Unit4>
      <Unit5>
        <Filename Value="winservices.pas"/>
        <IsPartOfProject Value="True"/>
        <UnitName Value="WinServices"/>
      </Unit5>
      <Unit6>
        <Filename Value="winusers.pas"/>
        <IsPartOfProject Value="True"/>
        <UnitName Value="WinUsers"/>
      </Unit6>
      <Unit7>
        <Filename Value="winreg.pas"/>
        <IsPartOfProject Value="True"/>
        <UnitName Value="WinReg"/>
      </Unit7>
      <Unit8>
        <Filename Value="winfilesystem.pas"/>
        <IsPartOfProject Value="True"/>
        <UnitName Value="WinFileSystem"/>
      </Unit8>
      <Unit9>
        <Filename Value="misc.pas"/>
        <IsPartOfProject Value="True"/>
      </Unit9>
      <Unit10>
        <Filename Value="datadefs.pas"/>
        <IsPartOfProject Value="True"/>
        <UnitName Value="DataDefs"/>
      </Unit10>
    </Units>
  </ProjectOptions>
  <CompilerOptions>
    <Version Value="11"/>
    <PathDelim Value="\"/>
    <Target>
      <Filename Value="ingather"/>
    </Target>
    <SearchPaths>
      <IncludeFiles Value="$(ProjOutDir)"/>
      <OtherUnitFiles Value="C:\lazarus\lcl\"/>
      <UnitOutputDirectory Value="lib\$(TargetCPU)-$(TargetOS)"/>
    </SearchPaths>
  </CompilerOptions>
  <Debugging>
    <Exceptions Count="3">
      <Item1>
        <Name Value="EAbort"/>
      </Item1>
      <Item2>
        <Name Value="ECodetoolError"/>
      </Item2>
      <Item3>
        <Name Value="EFOpenError"/>
      </Item3>
    </Exceptions>
  </Debugging>
</CONFIG>
